// !$*UTF8*$!
{
	archiveVersion = 1;
	classes = {
	};
	objectVersion = 56;
	objects = {

/* Begin PBXBuildFile section */
		D35199632966BB4100114051 /* jp.json in Resources */ = {isa = PBXBuildFile; fileRef = D35199622966BB4000114051 /* jp.json */; };
		D35199642966BB7300114051 /* Assets.xcassets in Resources */ = {isa = PBXBuildFile; fileRef = D351995B2966BAD000114051 /* Assets.xcassets */; };
		D35C0EB6296817880032548D /* StarterView.swift in Sources */ = {isa = PBXBuildFile; fileRef = D35C0EB5296817880032548D /* StarterView.swift */; };
		D35C0EB82968178F0032548D /* HistoryView.swift in Sources */ = {isa = PBXBuildFile; fileRef = D35C0EB72968178F0032548D /* HistoryView.swift */; };
		D35C0EC0296817B60032548D /* ChallengesViewModel.swift in Sources */ = {isa = PBXBuildFile; fileRef = D35C0EBE296817B60032548D /* ChallengesViewModel.swift */; };
		D35C0EC1296817B60032548D /* ChallengeView.swift in Sources */ = {isa = PBXBuildFile; fileRef = D35C0EB9296817B60032548D /* ChallengeView.swift */; };
		D35C0EC2296817B60032548D /* ChoicesRow.swift in Sources */ = {isa = PBXBuildFile; fileRef = D35C0EBC296817B60032548D /* ChoicesRow.swift */; };
		D35C0EC3296817B60032548D /* PracticeView.swift in Sources */ = {isa = PBXBuildFile; fileRef = D35C0EBF296817B60032548D /* PracticeView.swift */; };
		D35C0EC4296817B60032548D /* ChoicesView.swift in Sources */ = {isa = PBXBuildFile; fileRef = D35C0EBB296817B60032548D /* ChoicesView.swift */; };
		D35C0EC5296817B60032548D /* CongratulationsView.swift in Sources */ = {isa = PBXBuildFile; fileRef = D35C0EBA296817B60032548D /* CongratulationsView.swift */; };
		D35C0EC6296817B60032548D /* QuestionView.swift in Sources */ = {isa = PBXBuildFile; fileRef = D35C0EBD296817B60032548D /* QuestionView.swift */; };
		D38A69742966D5A90060331E /* WelcomeBackgroundImage.swift in Sources */ = {isa = PBXBuildFile; fileRef = D38A69732966D5A90060331E /* WelcomeBackgroundImage.swift */; };
		D38A69762966D6920060331E /* HorizontallyAlignedLabelStyle.swift in Sources */ = {isa = PBXBuildFile; fileRef = D38A69752966D6920060331E /* HorizontallyAlignedLabelStyle.swift */; };
		D38A69782966D8640060331E /* WelcomeMessageView.swift in Sources */ = {isa = PBXBuildFile; fileRef = D38A69772966D8640060331E /* WelcomeMessageView.swift */; };
		D38A697C2966D93E0060331E /* RegisterView.swift in Sources */ = {isa = PBXBuildFile; fileRef = D38A697B2966D93E0060331E /* RegisterView.swift */; };
		D3A3C7AB2967D549009F94AA /* BorderedViewModifier.swift in Sources */ = {isa = PBXBuildFile; fileRef = D3A3C7AA2967D549009F94AA /* BorderedViewModifier.swift */; };
		D3A3C7AD2967DB25009F94AA /* UserManager.swift in Sources */ = {isa = PBXBuildFile; fileRef = D3A3C7AC2967DB25009F94AA /* UserManager.swift */; };
		D3A3C7AF2967DB2F009F94AA /* Profile.swift in Sources */ = {isa = PBXBuildFile; fileRef = D3A3C7AE2967DB2F009F94AA /* Profile.swift */; };
		D3A3C7B32967DB5F009F94AA /* Settings.swift in Sources */ = {isa = PBXBuildFile; fileRef = D3A3C7B22967DB5F009F94AA /* Settings.swift */; };
		D3A4A7A12966787F00A0E0A6 /* KuchiApp.swift in Sources */ = {isa = PBXBuildFile; fileRef = D3A4A7A02966787F00A0E0A6 /* KuchiApp.swift */; };
		D3E6193C2969751D008B22ED /* History.swift in Sources */ = {isa = PBXBuildFile; fileRef = D3E6193B2969751D008B22ED /* History.swift */; };
		D3E6193F29697671008B22ED /* KCTextField.swift in Sources */ = {isa = PBXBuildFile; fileRef = D3E6193E29697671008B22ED /* KCTextField.swift */; };
		D3EC83AA29668A5E00117C85 /* HomeView.swift in Sources */ = {isa = PBXBuildFile; fileRef = D3EC83A929668A5E00117C85 /* HomeView.swift */; };
		D3EC83AF29668B2A00117C85 /* WelcomeView.swift in Sources */ = {isa = PBXBuildFile; fileRef = D3EC83AE29668B2A00117C85 /* WelcomeView.swift */; };
/* End PBXBuildFile section */

/* Begin PBXFileReference section */
		D30B185D2966ACF000B65A04 /* Info.plist */ = {isa = PBXFileReference; fileEncoding = 4; lastKnownFileType = text.plist.xml; path = Info.plist; sourceTree = "<group>"; };
		D351995B2966BAD000114051 /* Assets.xcassets */ = {isa = PBXFileReference; lastKnownFileType = folder.assetcatalog; path = Assets.xcassets; sourceTree = "<group>"; };
		D35199612966BB0200114051 /* Preview Assets.xcassets */ = {isa = PBXFileReference; lastKnownFileType = folder.assetcatalog; path = "Preview Assets.xcassets"; sourceTree = "<group>"; };
		D35199622966BB4000114051 /* jp.json */ = {isa = PBXFileReference; fileEncoding = 4; lastKnownFileType = text.json; path = jp.json; sourceTree = "<group>"; };
		D35C0EB5296817880032548D /* StarterView.swift */ = {isa = PBXFileReference; fileEncoding = 4; lastKnownFileType = sourcecode.swift; path = StarterView.swift; sourceTree = "<group>"; };
		D35C0EB72968178F0032548D /* HistoryView.swift */ = {isa = PBXFileReference; fileEncoding = 4; lastKnownFileType = sourcecode.swift; path = HistoryView.swift; sourceTree = "<group>"; };
		D35C0EB9296817B60032548D /* ChallengeView.swift */ = {isa = PBXFileReference; lastKnownFileType = sourcecode.swift; path = ChallengeView.swift; sourceTree = "<group>"; };
		D35C0EBA296817B60032548D /* CongratulationsView.swift */ = {isa = PBXFileReference; lastKnownFileType = sourcecode.swift; path = CongratulationsView.swift; sourceTree = "<group>"; };
		D35C0EBB296817B60032548D /* ChoicesView.swift */ = {isa = PBXFileReference; lastKnownFileType = sourcecode.swift; path = ChoicesView.swift; sourceTree = "<group>"; };
		D35C0EBC296817B60032548D /* ChoicesRow.swift */ = {isa = PBXFileReference; lastKnownFileType = sourcecode.swift; path = ChoicesRow.swift; sourceTree = "<group>"; };
		D35C0EBD296817B60032548D /* QuestionView.swift */ = {isa = PBXFileReference; lastKnownFileType = sourcecode.swift; path = QuestionView.swift; sourceTree = "<group>"; };
		D35C0EBE296817B60032548D /* ChallengesViewModel.swift */ = {isa = PBXFileReference; lastKnownFileType = sourcecode.swift; path = ChallengesViewModel.swift; sourceTree = "<group>"; };
		D35C0EBF296817B60032548D /* PracticeView.swift */ = {isa = PBXFileReference; lastKnownFileType = sourcecode.swift; path = PracticeView.swift; sourceTree = "<group>"; };
		D38A69732966D5A90060331E /* WelcomeBackgroundImage.swift */ = {isa = PBXFileReference; lastKnownFileType = sourcecode.swift; path = WelcomeBackgroundImage.swift; sourceTree = "<group>"; };
		D38A69752966D6920060331E /* HorizontallyAlignedLabelStyle.swift */ = {isa = PBXFileReference; lastKnownFileType = sourcecode.swift; path = HorizontallyAlignedLabelStyle.swift; sourceTree = "<group>"; };
		D38A69772966D8640060331E /* WelcomeMessageView.swift */ = {isa = PBXFileReference; lastKnownFileType = sourcecode.swift; path = WelcomeMessageView.swift; sourceTree = "<group>"; };
		D38A697B2966D93E0060331E /* RegisterView.swift */ = {isa = PBXFileReference; lastKnownFileType = sourcecode.swift; path = RegisterView.swift; sourceTree = "<group>"; };
		D3A3C7AA2967D549009F94AA /* BorderedViewModifier.swift */ = {isa = PBXFileReference; lastKnownFileType = sourcecode.swift; path = BorderedViewModifier.swift; sourceTree = "<group>"; };
		D3A3C7AC2967DB25009F94AA /* UserManager.swift */ = {isa = PBXFileReference; lastKnownFileType = sourcecode.swift; path = UserManager.swift; sourceTree = "<group>"; };
		D3A3C7AE2967DB2F009F94AA /* Profile.swift */ = {isa = PBXFileReference; lastKnownFileType = sourcecode.swift; path = Profile.swift; sourceTree = "<group>"; };
		D3A3C7B22967DB5F009F94AA /* Settings.swift */ = {isa = PBXFileReference; fileEncoding = 4; lastKnownFileType = sourcecode.swift; path = Settings.swift; sourceTree = "<group>"; };
		D3A4A79D2966787F00A0E0A6 /* Kuchi.app */ = {isa = PBXFileReference; explicitFileType = wrapper.application; includeInIndex = 0; path = Kuchi.app; sourceTree = BUILT_PRODUCTS_DIR; };
		D3A4A7A02966787F00A0E0A6 /* KuchiApp.swift */ = {isa = PBXFileReference; lastKnownFileType = sourcecode.swift; path = KuchiApp.swift; sourceTree = "<group>"; };
		D3E6193B2969751D008B22ED /* History.swift */ = {isa = PBXFileReference; lastKnownFileType = sourcecode.swift; path = History.swift; sourceTree = "<group>"; };
		D3E6193E29697671008B22ED /* KCTextField.swift */ = {isa = PBXFileReference; lastKnownFileType = sourcecode.swift; path = KCTextField.swift; sourceTree = "<group>"; };
		D3EC83A929668A5E00117C85 /* HomeView.swift */ = {isa = PBXFileReference; lastKnownFileType = sourcecode.swift; path = HomeView.swift; sourceTree = "<group>"; };
		D3EC83AE29668B2A00117C85 /* WelcomeView.swift */ = {isa = PBXFileReference; lastKnownFileType = sourcecode.swift; path = WelcomeView.swift; sourceTree = "<group>"; };
/* End PBXFileReference section */

/* Begin PBXFrameworksBuildPhase section */
		D3A4A79A2966787F00A0E0A6 /* Frameworks */ = {
			isa = PBXFrameworksBuildPhase;
			buildActionMask = 2147483647;
			files = (
			);
			runOnlyForDeploymentPostprocessing = 0;
		};
/* End PBXFrameworksBuildPhase section */

/* Begin PBXGroup section */
		D35199602966BB0200114051 /* Preview Content */ = {
			isa = PBXGroup;
			children = (
				D35199612966BB0200114051 /* Preview Assets.xcassets */,
			);
			path = "Preview Content";
			sourceTree = "<group>";
		};
		D35C0EC7296817D20032548D /* Views */ = {
			isa = PBXGroup;
			children = (
				D3EC83AD29668B1700117C85 /* Welcome */,
				D3E6193929697467008B22ED /* Practice */,
				D3EC83A929668A5E00117C85 /* HomeView.swift */,
				D35C0EB5296817880032548D /* StarterView.swift */,
				D35C0EB72968178F0032548D /* HistoryView.swift */,
			);
			name = Views;
			sourceTree = "<group>";
		};
		D38A69722966D57A0060331E /* Components */ = {
			isa = PBXGroup;
			children = (
				D38A69732966D5A90060331E /* WelcomeBackgroundImage.swift */,
				D3A3C7AA2967D549009F94AA /* BorderedViewModifier.swift */,
			);
			name = Components;
			path = ..;
			sourceTree = "<group>";
		};
		D3A4A7942966787F00A0E0A6 = {
			isa = PBXGroup;
			children = (
				D3A4A79F2966787F00A0E0A6 /* Kuchi */,
				D3A4A79E2966787F00A0E0A6 /* Products */,
			);
			sourceTree = "<group>";
		};
		D3A4A79E2966787F00A0E0A6 /* Products */ = {
			isa = PBXGroup;
			children = (
				D3A4A79D2966787F00A0E0A6 /* Kuchi.app */,
			);
			name = Products;
			sourceTree = "<group>";
		};
		D3A4A79F2966787F00A0E0A6 /* Kuchi */ = {
			isa = PBXGroup;
			children = (
				D3A4A7A02966787F00A0E0A6 /* KuchiApp.swift */,
				D3E6193A2969750F008B22ED /* Models */,
				D35C0EC7296817D20032548D /* Views */,
				D3E6193D296975C9008B22ED /* ViewModels */,
				D3E6194029697782008B22ED /* Resources */,
				D30B185D2966ACF000B65A04 /* Info.plist */,
			);
			path = Kuchi;
			sourceTree = "<group>";
		};
		D3E6193929697467008B22ED /* Practice */ = {
			isa = PBXGroup;
			children = (
				D35C0EBA296817B60032548D /* CongratulationsView.swift */,
				D35C0EBD296817B60032548D /* QuestionView.swift */,
				D35C0EBF296817B60032548D /* PracticeView.swift */,
				D35C0EBC296817B60032548D /* ChoicesRow.swift */,
				D35C0EBB296817B60032548D /* ChoicesView.swift */,
				D35C0EB9296817B60032548D /* ChallengeView.swift */,
			);
			name = Practice;
			sourceTree = "<group>";
		};
		D3E6193A2969750F008B22ED /* Models */ = {
			isa = PBXGroup;
			children = (
				D3A3C7AC2967DB25009F94AA /* UserManager.swift */,
				D3A3C7AE2967DB2F009F94AA /* Profile.swift */,
				D3A3C7B22967DB5F009F94AA /* Settings.swift */,
				D3E6193B2969751D008B22ED /* History.swift */,
			);
			path = Models;
			sourceTree = "<group>";
		};
		D3E6193D296975C9008B22ED /* ViewModels */ = {
			isa = PBXGroup;
			children = (
				D35C0EBE296817B60032548D /* ChallengesViewModel.swift */,
			);
			path = ViewModels;
			sourceTree = "<group>";
		};
		D3E6194029697782008B22ED /* Resources */ = {
			isa = PBXGroup;
			children = (
				D35199602966BB0200114051 /* Preview Content */,
				D351995B2966BAD000114051 /* Assets.xcassets */,
				D35199622966BB4000114051 /* jp.json */,
			);
			path = Resources;
			sourceTree = "<group>";
		};
		D3EC83AD29668B1700117C85 /* Welcome */ = {
			isa = PBXGroup;
			children = (
				D38A69722966D57A0060331E /* Components */,
				D3EC83AE29668B2A00117C85 /* WelcomeView.swift */,
				D38A69752966D6920060331E /* HorizontallyAlignedLabelStyle.swift */,
				D38A69772966D8640060331E /* WelcomeMessageView.swift */,
				D38A697B2966D93E0060331E /* RegisterView.swift */,
				D3E6193E29697671008B22ED /* KCTextField.swift */,
			);
			path = Welcome;
			sourceTree = "<group>";
		};
/* End PBXGroup section */

/* Begin PBXNativeTarget section */
		D3A4A79C2966787F00A0E0A6 /* Kuchi */ = {
			isa = PBXNativeTarget;
			buildConfigurationList = D3A4A7AB2966788100A0E0A6 /* Build configuration list for PBXNativeTarget "Kuchi" */;
			buildPhases = (
				D3A4A7992966787F00A0E0A6 /* Sources */,
				D3A4A79A2966787F00A0E0A6 /* Frameworks */,
				D3A4A79B2966787F00A0E0A6 /* Resources */,
			);
			buildRules = (
			);
			dependencies = (
			);
			name = Kuchi;
			productName = Kuchi;
			productReference = D3A4A79D2966787F00A0E0A6 /* Kuchi.app */;
			productType = "com.apple.product-type.application";
		};
/* End PBXNativeTarget section */

/* Begin PBXProject section */
		D3A4A7952966787F00A0E0A6 /* Project object */ = {
			isa = PBXProject;
			attributes = {
				BuildIndependentTargetsInParallel = 1;
				LastSwiftUpdateCheck = 1420;
				LastUpgradeCheck = 1420;
				TargetAttributes = {
					D3A4A79C2966787F00A0E0A6 = {
						CreatedOnToolsVersion = 14.2;
					};
				};
			};
			buildConfigurationList = D3A4A7982966787F00A0E0A6 /* Build configuration list for PBXProject "Kuchi" */;
			compatibilityVersion = "Xcode 14.0";
			developmentRegion = en;
			hasScannedForEncodings = 0;
			knownRegions = (
				en,
				Base,
			);
			mainGroup = D3A4A7942966787F00A0E0A6;
			productRefGroup = D3A4A79E2966787F00A0E0A6 /* Products */;
			projectDirPath = "";
			projectRoot = "";
			targets = (
				D3A4A79C2966787F00A0E0A6 /* Kuchi */,
			);
		};
/* End PBXProject section */

/* Begin PBXResourcesBuildPhase section */
		D3A4A79B2966787F00A0E0A6 /* Resources */ = {
			isa = PBXResourcesBuildPhase;
			buildActionMask = 2147483647;
			files = (
				D35199642966BB7300114051 /* Assets.xcassets in Resources */,
				D35199632966BB4100114051 /* jp.json in Resources */,
			);
			runOnlyForDeploymentPostprocessing = 0;
		};
/* End PBXResourcesBuildPhase section */

/* Begin PBXSourcesBuildPhase section */
		D3A4A7992966787F00A0E0A6 /* Sources */ = {
			isa = PBXSourcesBuildPhase;
			buildActionMask = 2147483647;
			files = (
				D35C0EC6296817B60032548D /* QuestionView.swift in Sources */,
				D3A3C7AD2967DB25009F94AA /* UserManager.swift in Sources */,
				D35C0EC4296817B60032548D /* ChoicesView.swift in Sources */,
				D35C0EC2296817B60032548D /* ChoicesRow.swift in Sources */,
				D3A3C7AF2967DB2F009F94AA /* Profile.swift in Sources */,
				D35C0EC3296817B60032548D /* PracticeView.swift in Sources */,
				D38A69782966D8640060331E /* WelcomeMessageView.swift in Sources */,
				D3A4A7A12966787F00A0E0A6 /* KuchiApp.swift in Sources */,
				D35C0EB82968178F0032548D /* HistoryView.swift in Sources */,
				D3E6193C2969751D008B22ED /* History.swift in Sources */,
				D3EC83AF29668B2A00117C85 /* WelcomeView.swift in Sources */,
				D38A697C2966D93E0060331E /* RegisterView.swift in Sources */,
				D3A3C7B32967DB5F009F94AA /* Settings.swift in Sources */,
				D35C0EC1296817B60032548D /* ChallengeView.swift in Sources */,
				D38A69742966D5A90060331E /* WelcomeBackgroundImage.swift in Sources */,
				D35C0EB6296817880032548D /* StarterView.swift in Sources */,
				D38A69762966D6920060331E /* HorizontallyAlignedLabelStyle.swift in Sources */,
				D3E6193F29697671008B22ED /* KCTextField.swift in Sources */,
				D3A3C7AB2967D549009F94AA /* BorderedViewModifier.swift in Sources */,
				D35C0EC0296817B60032548D /* ChallengesViewModel.swift in Sources */,
				D3EC83AA29668A5E00117C85 /* HomeView.swift in Sources */,
				D35C0EC5296817B60032548D /* CongratulationsView.swift in Sources */,
			);
			runOnlyForDeploymentPostprocessing = 0;
		};
/* End PBXSourcesBuildPhase section */

/* Begin XCBuildConfiguration section */
		D3A4A7A92966788100A0E0A6 /* Debug */ = {
			isa = XCBuildConfiguration;
			buildSettings = {
				ALWAYS_SEARCH_USER_PATHS = NO;
				CLANG_ANALYZER_NONNULL = YES;
				CLANG_ANALYZER_NUMBER_OBJECT_CONVERSION = YES_AGGRESSIVE;
				CLANG_CXX_LANGUAGE_STANDARD = "gnu++20";
				CLANG_ENABLE_MODULES = YES;
				CLANG_ENABLE_OBJC_ARC = YES;
				CLANG_ENABLE_OBJC_WEAK = YES;
				CLANG_WARN_BLOCK_CAPTURE_AUTORELEASING = YES;
				CLANG_WARN_BOOL_CONVERSION = YES;
				CLANG_WARN_COMMA = YES;
				CLANG_WARN_CONSTANT_CONVERSION = YES;
				CLANG_WARN_DEPRECATED_OBJC_IMPLEMENTATIONS = YES;
				CLANG_WARN_DIRECT_OBJC_ISA_USAGE = YES_ERROR;
				CLANG_WARN_DOCUMENTATION_COMMENTS = YES;
				CLANG_WARN_EMPTY_BODY = YES;
				CLANG_WARN_ENUM_CONVERSION = YES;
				CLANG_WARN_INFINITE_RECURSION = YES;
				CLANG_WARN_INT_CONVERSION = YES;
				CLANG_WARN_NON_LITERAL_NULL_CONVERSION = YES;
				CLANG_WARN_OBJC_IMPLICIT_RETAIN_SELF = YES;
				CLANG_WARN_OBJC_LITERAL_CONVERSION = YES;
				CLANG_WARN_OBJC_ROOT_CLASS = YES_ERROR;
				CLANG_WARN_QUOTED_INCLUDE_IN_FRAMEWORK_HEADER = YES;
				CLANG_WARN_RANGE_LOOP_ANALYSIS = YES;
				CLANG_WARN_STRICT_PROTOTYPES = YES;
				CLANG_WARN_SUSPICIOUS_MOVE = YES;
				CLANG_WARN_UNGUARDED_AVAILABILITY = YES_AGGRESSIVE;
				CLANG_WARN_UNREACHABLE_CODE = YES;
				CLANG_WARN__DUPLICATE_METHOD_MATCH = YES;
				COPY_PHASE_STRIP = NO;
				DEBUG_INFORMATION_FORMAT = dwarf;
				ENABLE_STRICT_OBJC_MSGSEND = YES;
				ENABLE_TESTABILITY = YES;
				GCC_C_LANGUAGE_STANDARD = gnu11;
				GCC_DYNAMIC_NO_PIC = NO;
				GCC_NO_COMMON_BLOCKS = YES;
				GCC_OPTIMIZATION_LEVEL = 0;
				GCC_PREPROCESSOR_DEFINITIONS = (
					"DEBUG=1",
					"$(inherited)",
				);
				GCC_WARN_64_TO_32_BIT_CONVERSION = YES;
				GCC_WARN_ABOUT_RETURN_TYPE = YES_ERROR;
				GCC_WARN_UNDECLARED_SELECTOR = YES;
				GCC_WARN_UNINITIALIZED_AUTOS = YES_AGGRESSIVE;
				GCC_WARN_UNUSED_FUNCTION = YES;
				GCC_WARN_UNUSED_VARIABLE = YES;
				IPHONEOS_DEPLOYMENT_TARGET = 16.2;
				MTL_ENABLE_DEBUG_INFO = INCLUDE_SOURCE;
				MTL_FAST_MATH = YES;
				ONLY_ACTIVE_ARCH = YES;
				SDKROOT = iphoneos;
				SWIFT_ACTIVE_COMPILATION_CONDITIONS = DEBUG;
				SWIFT_OPTIMIZATION_LEVEL = "-Onone";
			};
			name = Debug;
		};
		D3A4A7AA2966788100A0E0A6 /* Release */ = {
			isa = XCBuildConfiguration;
			buildSettings = {
				ALWAYS_SEARCH_USER_PATHS = NO;
				CLANG_ANALYZER_NONNULL = YES;
				CLANG_ANALYZER_NUMBER_OBJECT_CONVERSION = YES_AGGRESSIVE;
				CLANG_CXX_LANGUAGE_STANDARD = "gnu++20";
				CLANG_ENABLE_MODULES = YES;
				CLANG_ENABLE_OBJC_ARC = YES;
				CLANG_ENABLE_OBJC_WEAK = YES;
				CLANG_WARN_BLOCK_CAPTURE_AUTORELEASING = YES;
				CLANG_WARN_BOOL_CONVERSION = YES;
				CLANG_WARN_COMMA = YES;
				CLANG_WARN_CONSTANT_CONVERSION = YES;
				CLANG_WARN_DEPRECATED_OBJC_IMPLEMENTATIONS = YES;
				CLANG_WARN_DIRECT_OBJC_ISA_USAGE = YES_ERROR;
				CLANG_WARN_DOCUMENTATION_COMMENTS = YES;
				CLANG_WARN_EMPTY_BODY = YES;
				CLANG_WARN_ENUM_CONVERSION = YES;
				CLANG_WARN_INFINITE_RECURSION = YES;
				CLANG_WARN_INT_CONVERSION = YES;
				CLANG_WARN_NON_LITERAL_NULL_CONVERSION = YES;
				CLANG_WARN_OBJC_IMPLICIT_RETAIN_SELF = YES;
				CLANG_WARN_OBJC_LITERAL_CONVERSION = YES;
				CLANG_WARN_OBJC_ROOT_CLASS = YES_ERROR;
				CLANG_WARN_QUOTED_INCLUDE_IN_FRAMEWORK_HEADER = YES;
				CLANG_WARN_RANGE_LOOP_ANALYSIS = YES;
				CLANG_WARN_STRICT_PROTOTYPES = YES;
				CLANG_WARN_SUSPICIOUS_MOVE = YES;
				CLANG_WARN_UNGUARDED_AVAILABILITY = YES_AGGRESSIVE;
				CLANG_WARN_UNREACHABLE_CODE = YES;
				CLANG_WARN__DUPLICATE_METHOD_MATCH = YES;
				COPY_PHASE_STRIP = NO;
				DEBUG_INFORMATION_FORMAT = "dwarf-with-dsym";
				ENABLE_NS_ASSERTIONS = NO;
				ENABLE_STRICT_OBJC_MSGSEND = YES;
				GCC_C_LANGUAGE_STANDARD = gnu11;
				GCC_NO_COMMON_BLOCKS = YES;
				GCC_WARN_64_TO_32_BIT_CONVERSION = YES;
				GCC_WARN_ABOUT_RETURN_TYPE = YES_ERROR;
				GCC_WARN_UNDECLARED_SELECTOR = YES;
				GCC_WARN_UNINITIALIZED_AUTOS = YES_AGGRESSIVE;
				GCC_WARN_UNUSED_FUNCTION = YES;
				GCC_WARN_UNUSED_VARIABLE = YES;
				IPHONEOS_DEPLOYMENT_TARGET = 16.2;
				MTL_ENABLE_DEBUG_INFO = NO;
				MTL_FAST_MATH = YES;
				SDKROOT = iphoneos;
				SWIFT_COMPILATION_MODE = wholemodule;
				SWIFT_OPTIMIZATION_LEVEL = "-O";
				VALIDATE_PRODUCT = YES;
			};
			name = Release;
		};
		D3A4A7AC2966788100A0E0A6 /* Debug */ = {
			isa = XCBuildConfiguration;
			buildSettings = {
				ASSETCATALOG_COMPILER_APPICON_NAME = AppIcon;
				ASSETCATALOG_COMPILER_GLOBAL_ACCENT_COLOR_NAME = AccentColor;
				CODE_SIGN_STYLE = Automatic;
				CURRENT_PROJECT_VERSION = 1;
				DEVELOPMENT_ASSET_PATHS = "\"Kuchi/Resources/Preview Content\"";
				ENABLE_PREVIEWS = YES;
				GENERATE_INFOPLIST_FILE = YES;
				INFOPLIST_KEY_UIApplicationSceneManifest_Generation = YES;
				INFOPLIST_KEY_UIApplicationSupportsIndirectInputEvents = YES;
				INFOPLIST_KEY_UILaunchScreen_Generation = YES;
				INFOPLIST_KEY_UISupportedInterfaceOrientations_iPad = "UIInterfaceOrientationPortrait UIInterfaceOrientationPortraitUpsideDown UIInterfaceOrientationLandscapeLeft UIInterfaceOrientationLandscapeRight";
				INFOPLIST_KEY_UISupportedInterfaceOrientations_iPhone = "UIInterfaceOrientationPortrait UIInterfaceOrientationLandscapeLeft UIInterfaceOrientationLandscapeRight";
				LD_RUNPATH_SEARCH_PATHS = (
					"$(inherited)",
					"@executable_path/Frameworks",
				);
				MARKETING_VERSION = 1.0.0;
				PRODUCT_BUNDLE_IDENTIFIER = sontran261.Kuchi;
				PRODUCT_NAME = "$(TARGET_NAME)";
				SWIFT_EMIT_LOC_STRINGS = YES;
				SWIFT_VERSION = 5.0;
				TARGETED_DEVICE_FAMILY = "1,2";
			};
			name = Debug;
		};
		D3A4A7AD2966788100A0E0A6 /* Release */ = {
			isa = XCBuildConfiguration;
			buildSettings = {
				ASSETCATALOG_COMPILER_APPICON_NAME = AppIcon;
				ASSETCATALOG_COMPILER_GLOBAL_ACCENT_COLOR_NAME = AccentColor;
				CODE_SIGN_STYLE = Automatic;
				CURRENT_PROJECT_VERSION = 1;
				DEVELOPMENT_ASSET_PATHS = "\"Kuchi/Resources/Preview Content\"";
				ENABLE_PREVIEWS = YES;
				GENERATE_INFOPLIST_FILE = YES;
				INFOPLIST_KEY_UIApplicationSceneManifest_Generation = YES;
				INFOPLIST_KEY_UIApplicationSupportsIndirectInputEvents = YES;
				INFOPLIST_KEY_UILaunchScreen_Generation = YES;
				INFOPLIST_KEY_UISupportedInterfaceOrientations_iPad = "UIInterfaceOrientationPortrait UIInterfaceOrientationPortraitUpsideDown UIInterfaceOrientationLandscapeLeft UIInterfaceOrientationLandscapeRight";
				INFOPLIST_KEY_UISupportedInterfaceOrientations_iPhone = "UIInterfaceOrientationPortrait UIInterfaceOrientationLandscapeLeft UIInterfaceOrientationLandscapeRight";
				LD_RUNPATH_SEARCH_PATHS = (
					"$(inherited)",
					"@executable_path/Frameworks",
				);
				MARKETING_VERSION = 1.0.0;
				PRODUCT_BUNDLE_IDENTIFIER = sontran261.Kuchi;
				PRODUCT_NAME = "$(TARGET_NAME)";
				SWIFT_EMIT_LOC_STRINGS = YES;
				SWIFT_VERSION = 5.0;
				TARGETED_DEVICE_FAMILY = "1,2";
			};
			name = Release;
		};
/* End XCBuildConfiguration section */

/* Begin XCConfigurationList section */
		D3A4A7982966787F00A0E0A6 /* Build configuration list for PBXProject "Kuchi" */ = {
			isa = XCConfigurationList;
			buildConfigurations = (
				D3A4A7A92966788100A0E0A6 /* Debug */,
				D3A4A7AA2966788100A0E0A6 /* Release */,
			);
			defaultConfigurationIsVisible = 0;
			defaultConfigurationName = Release;
		};
		D3A4A7AB2966788100A0E0A6 /* Build configuration list for PBXNativeTarget "Kuchi" */ = {
			isa = XCConfigurationList;
			buildConfigurations = (
				D3A4A7AC2966788100A0E0A6 /* Debug */,
				D3A4A7AD2966788100A0E0A6 /* Release */,
			);
			defaultConfigurationIsVisible = 0;
			defaultConfigurationName = Release;
		};
/* End XCConfigurationList section */
	};
	rootObject = D3A4A7952966787F00A0E0A6 /* Project object */;
}
